
Microsoft Visual Studio Solution File, Format Version 12.00
Project("{FAE04EC0-301F-11D3-BF4B-00C04F79EFBC}") = "ConsoleEngine", "ConsoleEngine\ConsoleEngine.csproj", "{CC763EA2-7C5E-45C2-948C-BA0279D3C04F}"
EndProject
Project("{FAE04EC0-301F-11D3-BF4B-00C04F79EFBC}") = "Microsoft.Xna.Framework", "Libs\Microsoft.Xna.Framework\Microsoft.Xna.Framework.csproj", "{99309207-1847-4EB9-A009-C7B92BC2CE64}"
EndProject
Project("{2150E333-8FDC-42A3-9474-1A3956D46DE8}") = "Libs", "Libs", "{CA22425D-FB6C-45C6-A14C-561DF6D969B6}"
EndProject
Project("{2150E333-8FDC-42A3-9474-1A3956D46DE8}") = "Examples", "Examples", "{028D7499-6A31-4A9F-868A-908AD53A8BD0}"
EndProject
Project("{FAE04EC0-301F-11D3-BF4B-00C04F79EFBC}") = "ConsoleEngine.Windows", "Libs\ConsoleEngine.Windows\ConsoleEngine.Windows.csproj", "{33AA545F-7515-406C-A749-EB0A02668F4A}"
EndProject
Project("{FAE04EC0-301F-11D3-BF4B-00C04F79EFBC}") = "ConsoleGame", "Examples\ConsoleGame\ConsoleGame.csproj", "{DE0311EB-079F-41B3-9D87-604AAB6F2F65}"
EndProject
Project("{FAE04EC0-301F-11D3-BF4B-00C04F79EFBC}") = "Platformer", "Examples\Platformer\Platformer.csproj", "{BC3C7768-0401-47F4-931A-76BADFE6DC26}"
EndProject
Project("{FAE04EC0-301F-11D3-BF4B-00C04F79EFBC}") = "Snake", "Examples\Snake\Snake.csproj", "{276379A8-897A-4703-A18D-9DB3A08A09AA}"
EndProject
Project("{FAE04EC0-301F-11D3-BF4B-00C04F79EFBC}") = "ConsoleEngine.Logger", "Libs\ConsoleEngine.Logger\ConsoleEngine.Logger.csproj", "{4C3C2CB2-D212-4DBF-8247-C3C75A22D6EC}"
EndProject
Project("{FAE04EC0-301F-11D3-BF4B-00C04F79EFBC}") = "ConsoleEngine.Abstractions", "ConsoleEngine.Abstractions\ConsoleEngine.Abstractions.csproj", "{A4209E56-1ECD-4616-BB13-DF77864F462C}"
EndProject
Project("{FAE04EC0-301F-11D3-BF4B-00C04F79EFBC}") = "Asteroids", "Examples\Asteroids\Asteroids.csproj", "{87EB68ED-18DD-41C9-8A33-B305C4DF210F}"
EndProject
Project("{2150E333-8FDC-42A3-9474-1A3956D46DE8}") = "Engine", "Engine", "{12D2B48F-E7F6-4BEC-8315-9EC8F41A059A}"
EndProject
Project("{FAE04EC0-301F-11D3-BF4B-00C04F79EFBC}") = "TerraForM", "Examples\TerraForM\TerraForM.csproj", "{0CDE38D4-12F4-426B-9252-E57820FF8D9B}"
EndProject
Global
	GlobalSection(SolutionConfigurationPlatforms) = preSolution
		Release|Any CPU = Release|Any CPU
		Debug|Any CPU = Debug|Any CPU
	EndGlobalSection
	GlobalSection(ProjectConfigurationPlatforms) = postSolution
		{87EB68ED-18DD-41C9-8A33-B305C4DF210F}.Release|Any CPU.ActiveCfg = Release|Any CPU
		{87EB68ED-18DD-41C9-8A33-B305C4DF210F}.Release|Any CPU.Build.0 = Release|Any CPU
		{87EB68ED-18DD-41C9-8A33-B305C4DF210F}.Debug|Any CPU.ActiveCfg = Debug|Any CPU
		{87EB68ED-18DD-41C9-8A33-B305C4DF210F}.Debug|Any CPU.Build.0 = Debug|Any CPU
		{CC763EA2-7C5E-45C2-948C-BA0279D3C04F}.Release|Any CPU.ActiveCfg = Release|Any CPU
		{CC763EA2-7C5E-45C2-948C-BA0279D3C04F}.Release|Any CPU.Build.0 = Release|Any CPU
		{CC763EA2-7C5E-45C2-948C-BA0279D3C04F}.Debug|Any CPU.ActiveCfg = Debug|Any CPU
		{CC763EA2-7C5E-45C2-948C-BA0279D3C04F}.Debug|Any CPU.Build.0 = Debug|Any CPU
		{A4209E56-1ECD-4616-BB13-DF77864F462C}.Release|Any CPU.ActiveCfg = Release|Any CPU
		{A4209E56-1ECD-4616-BB13-DF77864F462C}.Release|Any CPU.Build.0 = Release|Any CPU
		{A4209E56-1ECD-4616-BB13-DF77864F462C}.Debug|Any CPU.ActiveCfg = Debug|Any CPU
		{A4209E56-1ECD-4616-BB13-DF77864F462C}.Debug|Any CPU.Build.0 = Debug|Any CPU
		{4C3C2CB2-D212-4DBF-8247-C3C75A22D6EC}.Release|Any CPU.ActiveCfg = Release|Any CPU
		{4C3C2CB2-D212-4DBF-8247-C3C75A22D6EC}.Release|Any CPU.Build.0 = Release|Any CPU
		{4C3C2CB2-D212-4DBF-8247-C3C75A22D6EC}.Debug|Any CPU.ActiveCfg = Debug|Any CPU
		{4C3C2CB2-D212-4DBF-8247-C3C75A22D6EC}.Debug|Any CPU.Build.0 = Debug|Any CPU
		{33AA545F-7515-406C-A749-EB0A02668F4A}.Release|Any CPU.ActiveCfg = Release|Any CPU
		{33AA545F-7515-406C-A749-EB0A02668F4A}.Release|Any CPU.Build.0 = Release|Any CPU
		{33AA545F-7515-406C-A749-EB0A02668F4A}.Debug|Any CPU.ActiveCfg = Debug|Any CPU
		{33AA545F-7515-406C-A749-EB0A02668F4A}.Debug|Any CPU.Build.0 = Debug|Any CPU
		{DE0311EB-079F-41B3-9D87-604AAB6F2F65}.Release|Any CPU.ActiveCfg = Release|Any CPU
		{DE0311EB-079F-41B3-9D87-604AAB6F2F65}.Release|Any CPU.Build.0 = Release|Any CPU
		{DE0311EB-079F-41B3-9D87-604AAB6F2F65}.Debug|Any CPU.ActiveCfg = Debug|Any CPU
		{DE0311EB-079F-41B3-9D87-604AAB6F2F65}.Debug|Any CPU.Build.0 = Debug|Any CPU
		{99309207-1847-4EB9-A009-C7B92BC2CE64}.Release|Any CPU.ActiveCfg = Release|Any CPU
		{99309207-1847-4EB9-A009-C7B92BC2CE64}.Release|Any CPU.Build.0 = Release|Any CPU
		{99309207-1847-4EB9-A009-C7B92BC2CE64}.Debug|Any CPU.ActiveCfg = Debug|Any CPU
		{99309207-1847-4EB9-A009-C7B92BC2CE64}.Debug|Any CPU.Build.0 = Debug|Any CPU
		{0CDE38D4-12F4-426B-9252-E57820FF8D9B}.Release|Any CPU.ActiveCfg = Release|Any CPU
		{0CDE38D4-12F4-426B-9252-E57820FF8D9B}.Release|Any CPU.Build.0 = Release|Any CPU
		{0CDE38D4-12F4-426B-9252-E57820FF8D9B}.Debug|Any CPU.ActiveCfg = Debug|Any CPU
		{0CDE38D4-12F4-426B-9252-E57820FF8D9B}.Debug|Any CPU.Build.0 = Debug|Any CPU
		{BC3C7768-0401-47F4-931A-76BADFE6DC26}.Release|Any CPU.ActiveCfg = Release|Any CPU
		{BC3C7768-0401-47F4-931A-76BADFE6DC26}.Release|Any CPU.Build.0 = Release|Any CPU
		{BC3C7768-0401-47F4-931A-76BADFE6DC26}.Debug|Any CPU.ActiveCfg = Debug|Any CPU
		{BC3C7768-0401-47F4-931A-76BADFE6DC26}.Debug|Any CPU.Build.0 = Debug|Any CPU
		{276379A8-897A-4703-A18D-9DB3A08A09AA}.Release|Any CPU.ActiveCfg = Release|Any CPU
		{276379A8-897A-4703-A18D-9DB3A08A09AA}.Release|Any CPU.Build.0 = Release|Any CPU
		{276379A8-897A-4703-A18D-9DB3A08A09AA}.Debug|Any CPU.ActiveCfg = Debug|Any CPU
		{276379A8-897A-4703-A18D-9DB3A08A09AA}.Debug|Any CPU.Build.0 = Debug|Any CPU
	EndGlobalSection
	GlobalSection(NestedProjects) = preSolution
		{99309207-1847-4EB9-A009-C7B92BC2CE64} = {CA22425D-FB6C-45C6-A14C-561DF6D969B6}
		{33AA545F-7515-406C-A749-EB0A02668F4A} = {CA22425D-FB6C-45C6-A14C-561DF6D969B6}
		{DE0311EB-079F-41B3-9D87-604AAB6F2F65} = {028D7499-6A31-4A9F-868A-908AD53A8BD0}
		{BC3C7768-0401-47F4-931A-76BADFE6DC26} = {028D7499-6A31-4A9F-868A-908AD53A8BD0}
		{276379A8-897A-4703-A18D-9DB3A08A09AA} = {028D7499-6A31-4A9F-868A-908AD53A8BD0}
		{4C3C2CB2-D212-4DBF-8247-C3C75A22D6EC} = {CA22425D-FB6C-45C6-A14C-561DF6D969B6}
		{87EB68ED-18DD-41C9-8A33-B305C4DF210F} = {028D7499-6A31-4A9F-868A-908AD53A8BD0}
		{CA22425D-FB6C-45C6-A14C-561DF6D969B6} = {12D2B48F-E7F6-4BEC-8315-9EC8F41A059A}
		{CC763EA2-7C5E-45C2-948C-BA0279D3C04F} = {12D2B48F-E7F6-4BEC-8315-9EC8F41A059A}
		{A4209E56-1ECD-4616-BB13-DF77864F462C} = {12D2B48F-E7F6-4BEC-8315-9EC8F41A059A}
		{0CDE38D4-12F4-426B-9252-E57820FF8D9B} = {028D7499-6A31-4A9F-868A-908AD53A8BD0}
	EndGlobalSection
EndGlobal
