
Microsoft Visual Studio Solution File, Format Version 12.00
Project("{FAE04EC0-301F-11D3-BF4B-00C04F79EFBC}") = "ConsoleEngine", "ConsoleEngine\ConsoleEngine.csproj", "{CC763EA2-7C5E-45C2-948C-BA0279D3C04F}"
EndProject
Project("{FAE04EC0-301F-11D3-BF4B-00C04F79EFBC}") = "Microsoft.Xna.Framework", "Libs\Microsoft.Xna.Framework\Microsoft.Xna.Framework.csproj", "{99309207-1847-4EB9-A009-C7B92BC2CE64}"
EndProject
Project("{2150E333-8FDC-42A3-9474-1A3956D46DE8}") = "Libs", "Libs", "{CA22425D-FB6C-45C6-A14C-561DF6D969B6}"
EndProject
Project("{2150E333-8FDC-42A3-9474-1A3956D46DE8}") = "Examples", "Examples", "{028D7499-6A31-4A9F-868A-908AD53A8BD0}"
EndProject
Project("{FAE04EC0-301F-11D3-BF4B-00C04F79EFBC}") = "ConsoleEngine.Windows", "Libs\ConsoleEngine.Windows\ConsoleEngine.Windows.csproj", "{33AA545F-7515-406C-A749-EB0A02668F4A}"
EndProject
Project("{FAE04EC0-301F-11D3-BF4B-00C04F79EFBC}") = "ConsoleGame", "Examples\ConsoleGame\ConsoleGame.csproj", "{DE0311EB-079F-41B3-9D87-604AAB6F2F65}"
EndProject
Project("{FAE04EC0-301F-11D3-BF4B-00C04F79EFBC}") = "Platformer", "Examples\Platformer\Platformer.csproj", "{BC3C7768-0401-47F4-931A-76BADFE6DC26}"
EndProject
Project("{FAE04EC0-301F-11D3-BF4B-00C04F79EFBC}") = "Snake", "Examples\Snake\Snake.csproj", "{276379A8-897A-4703-A18D-9DB3A08A09AA}"
EndProject
Global
	GlobalSection(SolutionConfigurationPlatforms) = preSolution
		Debug|Any CPU = Debug|Any CPU
		Release|Any CPU = Release|Any CPU
	EndGlobalSection
	GlobalSection(ProjectConfigurationPlatforms) = postSolution
		{CC763EA2-7C5E-45C2-948C-BA0279D3C04F}.Debug|Any CPU.ActiveCfg = Debug|Any CPU
		{CC763EA2-7C5E-45C2-948C-BA0279D3C04F}.Debug|Any CPU.Build.0 = Debug|Any CPU
		{CC763EA2-7C5E-45C2-948C-BA0279D3C04F}.Release|Any CPU.ActiveCfg = Release|Any CPU
		{CC763EA2-7C5E-45C2-948C-BA0279D3C04F}.Release|Any CPU.Build.0 = Release|Any CPU
		{99309207-1847-4EB9-A009-C7B92BC2CE64}.Debug|Any CPU.ActiveCfg = Debug|Any CPU
		{99309207-1847-4EB9-A009-C7B92BC2CE64}.Debug|Any CPU.Build.0 = Debug|Any CPU
		{99309207-1847-4EB9-A009-C7B92BC2CE64}.Release|Any CPU.ActiveCfg = Release|Any CPU
		{99309207-1847-4EB9-A009-C7B92BC2CE64}.Release|Any CPU.Build.0 = Release|Any CPU
		{33AA545F-7515-406C-A749-EB0A02668F4A}.Debug|Any CPU.ActiveCfg = Debug|Any CPU
		{33AA545F-7515-406C-A749-EB0A02668F4A}.Debug|Any CPU.Build.0 = Debug|Any CPU
		{33AA545F-7515-406C-A749-EB0A02668F4A}.Release|Any CPU.ActiveCfg = Release|Any CPU
		{33AA545F-7515-406C-A749-EB0A02668F4A}.Release|Any CPU.Build.0 = Release|Any CPU
		{DE0311EB-079F-41B3-9D87-604AAB6F2F65}.Debug|Any CPU.ActiveCfg = Debug|Any CPU
		{DE0311EB-079F-41B3-9D87-604AAB6F2F65}.Debug|Any CPU.Build.0 = Debug|Any CPU
		{DE0311EB-079F-41B3-9D87-604AAB6F2F65}.Release|Any CPU.ActiveCfg = Release|Any CPU
		{DE0311EB-079F-41B3-9D87-604AAB6F2F65}.Release|Any CPU.Build.0 = Release|Any CPU
		{BC3C7768-0401-47F4-931A-76BADFE6DC26}.Debug|Any CPU.ActiveCfg = Debug|Any CPU
		{BC3C7768-0401-47F4-931A-76BADFE6DC26}.Debug|Any CPU.Build.0 = Debug|Any CPU
		{BC3C7768-0401-47F4-931A-76BADFE6DC26}.Release|Any CPU.ActiveCfg = Release|Any CPU
		{BC3C7768-0401-47F4-931A-76BADFE6DC26}.Release|Any CPU.Build.0 = Release|Any CPU
		{276379A8-897A-4703-A18D-9DB3A08A09AA}.Debug|Any CPU.ActiveCfg = Debug|Any CPU
		{276379A8-897A-4703-A18D-9DB3A08A09AA}.Debug|Any CPU.Build.0 = Debug|Any CPU
		{276379A8-897A-4703-A18D-9DB3A08A09AA}.Release|Any CPU.ActiveCfg = Release|Any CPU
		{276379A8-897A-4703-A18D-9DB3A08A09AA}.Release|Any CPU.Build.0 = Release|Any CPU
	EndGlobalSection
	GlobalSection(NestedProjects) = preSolution
		{99309207-1847-4EB9-A009-C7B92BC2CE64} = {CA22425D-FB6C-45C6-A14C-561DF6D969B6}
		{33AA545F-7515-406C-A749-EB0A02668F4A} = {CA22425D-FB6C-45C6-A14C-561DF6D969B6}
		{DE0311EB-079F-41B3-9D87-604AAB6F2F65} = {028D7499-6A31-4A9F-868A-908AD53A8BD0}
		{BC3C7768-0401-47F4-931A-76BADFE6DC26} = {028D7499-6A31-4A9F-868A-908AD53A8BD0}
		{276379A8-897A-4703-A18D-9DB3A08A09AA} = {028D7499-6A31-4A9F-868A-908AD53A8BD0}
	EndGlobalSection
EndGlobal
