
Microsoft Visual Studio Solution File, Format Version 12.00
Project("{FAE04EC0-301F-11D3-BF4B-00C04F79EFBC}") = "ConsoleEngine", "ConsoleEngine\ConsoleEngine.csproj", "{CC763EA2-7C5E-45C2-948C-BA0279D3C04F}"
EndProject
Project("{FAE04EC0-301F-11D3-BF4B-00C04F79EFBC}") = "ConsoleGame", "ConsoleGame\ConsoleGame.csproj", "{579B7370-9428-4D62-BC2D-3D689B2C4D94}"
EndProject
Project("{FAE04EC0-301F-11D3-BF4B-00C04F79EFBC}") = "Snake", "Snake\Snake.csproj", "{78CF52EC-2625-4E0E-8EBF-733FF4076309}"
EndProject
Project("{FAE04EC0-301F-11D3-BF4B-00C04F79EFBC}") = "Platformer", "Platformer\Platformer.csproj", "{1E210505-618C-406C-ADF6-EAD8BCF63253}"
EndProject
Project("{FAE04EC0-301F-11D3-BF4B-00C04F79EFBC}") = "Microsoft.Xna.Framework", "Microsoft.Xna.Framework\Microsoft.Xna.Framework.csproj", "{99309207-1847-4EB9-A009-C7B92BC2CE64}"
EndProject
Project("{2150E333-8FDC-42A3-9474-1A3956D46DE8}") = "Libs", "Libs", "{CA22425D-FB6C-45C6-A14C-561DF6D969B6}"
EndProject
Project("{2150E333-8FDC-42A3-9474-1A3956D46DE8}") = "Examples", "Examples", "{028D7499-6A31-4A9F-868A-908AD53A8BD0}"
EndProject
Global
	GlobalSection(SolutionConfigurationPlatforms) = preSolution
		Debug|Any CPU = Debug|Any CPU
		Release|Any CPU = Release|Any CPU
	EndGlobalSection
	GlobalSection(ProjectConfigurationPlatforms) = postSolution
		{CC763EA2-7C5E-45C2-948C-BA0279D3C04F}.Debug|Any CPU.ActiveCfg = Debug|Any CPU
		{CC763EA2-7C5E-45C2-948C-BA0279D3C04F}.Debug|Any CPU.Build.0 = Debug|Any CPU
		{CC763EA2-7C5E-45C2-948C-BA0279D3C04F}.Release|Any CPU.ActiveCfg = Release|Any CPU
		{CC763EA2-7C5E-45C2-948C-BA0279D3C04F}.Release|Any CPU.Build.0 = Release|Any CPU
		{579B7370-9428-4D62-BC2D-3D689B2C4D94}.Debug|Any CPU.ActiveCfg = Debug|Any CPU
		{579B7370-9428-4D62-BC2D-3D689B2C4D94}.Debug|Any CPU.Build.0 = Debug|Any CPU
		{579B7370-9428-4D62-BC2D-3D689B2C4D94}.Release|Any CPU.ActiveCfg = Release|Any CPU
		{579B7370-9428-4D62-BC2D-3D689B2C4D94}.Release|Any CPU.Build.0 = Release|Any CPU
		{78CF52EC-2625-4E0E-8EBF-733FF4076309}.Debug|Any CPU.ActiveCfg = Debug|Any CPU
		{78CF52EC-2625-4E0E-8EBF-733FF4076309}.Debug|Any CPU.Build.0 = Debug|Any CPU
		{78CF52EC-2625-4E0E-8EBF-733FF4076309}.Release|Any CPU.ActiveCfg = Release|Any CPU
		{78CF52EC-2625-4E0E-8EBF-733FF4076309}.Release|Any CPU.Build.0 = Release|Any CPU
		{1E210505-618C-406C-ADF6-EAD8BCF63253}.Debug|Any CPU.ActiveCfg = Debug|Any CPU
		{1E210505-618C-406C-ADF6-EAD8BCF63253}.Debug|Any CPU.Build.0 = Debug|Any CPU
		{1E210505-618C-406C-ADF6-EAD8BCF63253}.Release|Any CPU.ActiveCfg = Release|Any CPU
		{1E210505-618C-406C-ADF6-EAD8BCF63253}.Release|Any CPU.Build.0 = Release|Any CPU
		{99309207-1847-4EB9-A009-C7B92BC2CE64}.Debug|Any CPU.ActiveCfg = Debug|Any CPU
		{99309207-1847-4EB9-A009-C7B92BC2CE64}.Debug|Any CPU.Build.0 = Debug|Any CPU
		{99309207-1847-4EB9-A009-C7B92BC2CE64}.Release|Any CPU.ActiveCfg = Release|Any CPU
		{99309207-1847-4EB9-A009-C7B92BC2CE64}.Release|Any CPU.Build.0 = Release|Any CPU
	EndGlobalSection
	GlobalSection(NestedProjects) = preSolution
		{99309207-1847-4EB9-A009-C7B92BC2CE64} = {CA22425D-FB6C-45C6-A14C-561DF6D969B6}
		{579B7370-9428-4D62-BC2D-3D689B2C4D94} = {028D7499-6A31-4A9F-868A-908AD53A8BD0}
		{1E210505-618C-406C-ADF6-EAD8BCF63253} = {028D7499-6A31-4A9F-868A-908AD53A8BD0}
		{78CF52EC-2625-4E0E-8EBF-733FF4076309} = {028D7499-6A31-4A9F-868A-908AD53A8BD0}
	EndGlobalSection
EndGlobal
